­r‡^Ñf¥–Ø¦{MìyÊ'vÃ®¶›­{
  "name": "ryuhyo-editor",
  "version": "0.4.0",
  "lockfileVersion": 3,
  "requires": true,
  "packages": {
    "": {
      "name": "ryuhyo-editor",
      "version": "0.4.0",
      "license": "MIT",
      "dependencies": {
        "diff": "^8.0.4",
        "iconv-lite": "^0.7.3",
        "jszip": "^3.10.1",
        "pdf-lib": "^1.17.1"
      },
      "devDependencies": {
        "electron": "^43.1.0",
        "electron-builder": "^26.0.12",
        "prettier": "^3.9.5"
      }
    },
    "node_modules/@electron-internal/extract-zip": {
      "version": "1.0.4",
      "resolved": "https://registry.npmjs.org/@electron-internal/extract-zip/-/extract-zip-1.0.4.tgz",
      "integrity": "sha512-Zr1Vs7E9tpCNhZHDAbFVXc2gEVCG9RqPDjrno5+bdgB6LRAuvgyMHJut4NCVyYwtAieapMzc3fiQ3CSTi75ARg==",
      "dev": true,
      "license": "BSD-2-Clause",
      "engines": {
        "node": ">=22.12.0"
      }
    },
    "node_modules/@electron/asar": {
      "version": "3.4.1",
      "resolved": "https://registry.npmjs.org/@electron/asar/-/asar-3.4.1.tgz",
      "integrity": "sha512-i4/rNPRS84t0vSRa2HorerGRXWyF4vThfHesw0dmcWHp+cspK743UanA0suA5Q5y8kzY2y6YKrvbIUn69BCAiA==",
      "dev": true,
      "license": "MIT",
      "dependencies": {
        "commander": "^5.0.0",
        "glob": "^7.1.6",
        "minimatch": "^3.0.4"
      },
      "bin": {
        "asar": "bin/asar.js"
      },
      "engines": {
        "node": ">=10.12.0"
      }
    },
    "node_modules/@electron/asar/node_modules/balanced-match": {
      "version": "1.0.2",
      "resolved": "https://registry.npmjs.org/balanced-match/-/balanced-match-1.0.2.tgz",
      "integrity": "sha512-3oSeUO0TMV67hN1AmbXsK4yaqU7tjiHlbxRDZOpH0KW9+CeX4bRAaX0Anxt0tx2MrpRpWwQaPwIlISEJhYU5Pw==",
      "dev": true,
      "license": "MIT"
    },
    "node_modules/@electron/asar/node_modules/brace-expansion": {
      "version": "1.1.18",
      "resolved": "https://registry.npmjs.org/brace-expansion/-/brace-expansion-1.1.18.tgz",
      "integrity": "sha512-Edep/X9fGqVNmzKBVsDYIOtD+z1tuezV70LBjdCst9Tqu76lsnvRiZ6oTic1n+/BIwX6QDGAO94PN4N2SADvtw==",
      "dev": true,
      "license": "MIT",
      "dependencies": {
        "balanced-match": "^1.0.0",
        "concat-map": "0.0.1"
      }
    },
    "node_modules/@electron/asar/node_modules/minimatch": {
      "version": "3.1.5",
      "resolved": "https://registry.npmjs.org/minimatch/-/minimatch-3.1.5.tgz",
      "integrity": "sha512-VgjWUsnnT6n+NUk6eZq77zeFdpW2LWDzP6zFGrCbHXiYNul5Dzqk2HHQ5uFH2DNW5Xbp8+jVzaeNt94ssEEl4w==",
      "dev": true,
      "license": "ISC",
      "dependencies": {
        "brace-expansion": "^1.1.7"
      },
      "engines": {
        "node": "*"
      }
    },
    "node_modules/@electron/fuses": {
      "version": "1.8.0",
      "resolved": "https://registry.npmjs.org/@electron/fuses/-/fuses-1.8.0.tgz",
      "integrity": "sha512-zx0EIq78WlY/lBb1uXlziZmDZI4ubcCXIMJ4uGjXzZW0nS19TjSPeXPAjzzTmKQlJUZm0SbmZhPKP7tuQ1SsEw==",
      "dev": true,
      "license": "MIT",
      "dependencies": {
        "chalk": "^4.1.1",
        "fs-extra": "^9.0.1",
        "minimist": "^1.2.5"
      },
      "bin": {
        "electron-fuses": "dist/bin.js"
      }
    },
    "node_modules/@electron/fuses/node_modules/fs-extra": {
      "version": "9.1.0",
      "resolved": "https://registry.npmjs.org/fs-extra/-/fs-extra-9.1.0.tgz",
      "integrity": "sha512-hcg3ZmepS30/7BSFqRvoo3DOMQu7IjqxO5nCDt+zM9XWjb33Wg7ziNT+Qvqbuc3+gWpzO02JubVyk2G4Zvo1OQ==",
      "dev": true,
      "license": "MIT",
      "dependencies": {
        "at-least-node": "^1.0.0",
        "graceful-fs": "^4.2.0",
        "jsonfile": "^6.0.1",
        "universalify": "^2.0.0"
      },
      "engines": {
        "node": ">=10"
      }
    },
    "node_modules/@electron/fuses/node_modules/jsonfile": {
      "version": "6.2.1",
      "resolved": "https://registry.npmjs.org/jsonfile/-/jsonfile-6.2.1.tgz",
      "integrity": "sha512-zwOTdL3rFQ/lRdBnntKVOX6k5cKJwEc1HdilT71BWEu7J41gXIB2MRp+vxduPSwZJPWBxEzv4yH1wYLJGUHX4Q==",
      "dev": true,
      "license": "MIT",
      "dependencies": {
        "universalify": "^2.0.0"
      },
      "optionalDependencies": {
        "graceful-fs": "^4.1.6"
      }
    },
    "node_modules/@electron/fuses/node_modules/universalify": {
      "version": "2.0.1",
      "resolved": "https://registry.npmjs.org/universalify/-/universalify-2.0.1.tgz",
      "integrity": "sha512-gptHNQghINnc/vTGIk0SOFGFNXw7JVrlRUtConJRlvaw6DuX0wO5Jeko9sWrMBhh+PsYAZ7oXAiOnf/UKogyiw==",
      "dev": true,
      "license": "MIT",
      "engines": {
        "node": ">= 10.0.0"
      }
    },
    "node_modules/@electron/get": {
      "version": "5.0.0",
      "resolved": "https://registry.npmjs.org/@electron/get/-/get-5.0.0.tgz",
      "integrity": "sha512-pjoBpru1KdEtcExBnuHAP1cAc/5faoedw0hzJkL3o4/IJp7HNF1+fbrdxT3gMYRX2oJfvnA/WXeCTVQpYYxyJA==",
      "dev": true,
      "license": "MIT",
      "dependencies": {
        "debug": "^4.1.1",
        "env-paths": "^3.0.0",
        "graceful-fs": "^4.2.11",
        "progress": "^2.0.3",
        "semver": "^7.6.3",
        "sumchecker": "^3.0.1"
      },
      "engines": {
        "node": ">=22.12.0"
      },
      "optionalDependencies": {
        "undici": "^7.24.4"
      }
    },
    "node_modules/@electron/get/node_modules/env-paths": {
      "version": "3.0.0",
      "resolved": "https://registry.npmjs.org/env-paths/-/env-paths-3.0.0.tgz",
      "integrity": "sha512-dtJUTepzMW3Lm/NPxRf3wP4642UWhjL2sQxc+ym2YMj1m/H2zDNQOlezafzkHwn6sMstjHTwG6iQQsctDW/b1A==",
      "dev": true,
      "license": "MIT",
      "engines": {
        "node": "^12.20.0 || ^14.13.1 || >=16.0.0"
      },
      "funding": {
        "url": "https://github.com/sponsors/sindresorhus"
      }
    },
    "node_modules/@electron/get/node_modules/undici": {
      "version": "7.28.0",
      "resolved": "https://registry.npmjs.org/undici/-/undici-7.28.0.tgz",
      "integrity": "sha512-cRZYrTDwWznlnRiPjggAGxZXanty6M8RV1ff8Wm4LWXBp7/IG8v5DnOm74DtUBp9OONpK75YlPnIjQqX0dBDtA==",
      "dev": true,
      "license": "MIT",
      "optional": true,
      "engines": {
        "node": ">=20.18.1"
      }
    },
    "node_modules/@electron/notarize": {
      "version": "2.5.0",
      "resolved": "https://registry.npmjs.org/@electron/notarize/-/notarize-2.5.0.tgz",
      "integrity": "sha512-jNT8nwH1f9X5GEITXaQ8IF/KdskvIkOFfB2CvwumsveVidzpSc+mvhhTMdAGSYF3O+Nq49lJ7y+ssODRXu06+A==",
      "dev": true,
      "license": "MIT",
      "dependencies": {
        "debug": "^4.1.1",
        "fs-extra": "^9.0.1",
        "promise-retry": "^2.0.1"
      },
      "engines": {
        "node": ">= 10.0.0"
      }
    },
    "node_modules/@electron/notarize/node_modules/fs-extra": {
      "version": "9.1.0",
      "resolved": "https://registry.npmjs.org/fs-extra/-/fs-extra-9.1.0.tgz",
      "integrity": "sha512-hcg3ZmepS30/7BSFqRvoo3DOMQu7IjqxO5nCDt+zM9XWjb33Wg7ziNT+Qvqbuc3+gWpzO02JubVyk2G4Zvo1OQ==",
      "dev": true,
      "license": "MIT",
      "dependencies": {
        "at-least-node": "^1.0.0",
        "graceful-fs": "^4.2.0",
        "jsonfile": "^6.0.1",
        "universalify": "^2.0.0"
      },
      "engines": {
        "node": ">=10"
      }
    },
    "node_modules/@electron/notarize/node_modules/jsonfile": {
      "version": "6.2.1",
      "resolved": "https://registry.npmjs.org/jsonfile/-/jsonfile-6.2.1.tgz",
      "integrity": "sha512-zwOTdL3rFQ/lRdBnntKVOX6k5cKJwEc1HdilT71BWEu7J41gXIB2MRp+vxduPSwZJPWBxEzv4yH1wYLJGUHX4Q==",
      "dev": true,
      "license": "MIT",
      "dependencies": {
        "universalify": "^2.0.0"
      },
      "optionalDependencies": {
        "graceful-fs": "^4.1.6"
      }
    },
    "node_modules/@electron/notarize/node_modules/universalify": {
      "version": "2.0.1",
      "resolved": "https://registry.npmjs.org/universalify/-/universalify-2.0.1.tgz",
      "integrity": "sha512-gptHNQghINnc/vTGIk0SOFGFNXw7JVrlRUtConJRlvaw6DuX0wO5Jeko9sWrMBhh+PsYAZ7oXAiOnf/UKogyiw==",
      "dev": true,
      "license": "MIT",
      "engines": {
        "node": ">= 10.0.0"
      }
    },
    "node_modules/@electron/osx-sign": {
      "version": "1.3.3",
      "resolved": "https://registry.npmjs.org/@electron/osx-sign/-/osx-sign-1.3.3.tgz",
      "integrity": "sha512-KZ8mhXvWv2rIEgMbWZ4y33bDHyUKMXnx4M0sTyPNK/vcB81ImdeY9Ggdqy0SWbMDgmbqyQ+phgejh6V3R2QuSg==",
      "dev": true,
      "license": "BSD-2-Clause",
      "dependencies": {
        "compare-version": "^0.1.2",
        "debug": "^4.3.4",
        "fs-extra": "^10.0.0",
        "isbinaryfile": "^4.0.8",
        "minimist": "^1.2.6",
        "plist": "^3.0.5"
      },
      "bin": {
        "electron-osx-flat": "bin/electron-osx-flat.js",
        "electron-osx-sign": "bin/electron-osx-sign.js"
      },
      "engines": {
        "node": ">=12.0.0"
      }
    },
    "node_modules/@electron/osx-sign/node_modules/fs-extra": {
      "version": "10.1.0",
      "resolved": "https://registry.npmjs.org/fs-extra/-/fs-extra-10.1.0.tgz",
      "integrity": "sha512-oRXApq54ETRj4eMiFzGnHWGy+zo5raudjuxN0b8H7s/RU2oW0Wvsx9O0ACRN/kRq9E8Vu/ReskGB5o3ji+FzHQ==",
      "dev": true,
      "license": "MIT",
      "dependencies": {
        "graceful-fs": "^4.2.0",
        "jsonfile": "^6.0.1",
        "universalify": "^2.0.0"
      },
      "engines": {
        "node": ">=12"
      }
    },
    "node_modules/@electron/osx-sign/node_modules/isbinaryfile": {
      "version": "4.0.10",
      "resolved": "https://registry.npmjs.org/isbinaryfile/-/isbinaryfile-4.0.10.tgz",
      "integrity": "sha512-iHrqe5shvBUcFbmZq9zOQHBoeOhZJu6RQGrDpBgenUm/Am+F3JM2MgQj+rK3Z601fzrL5gLZWtAPH2OBaSVcyw==",
      "dev": true,
      "license": "MIT",
      "engines": {
        "node": ">= 8.0.0"
      },
      "funding": {
        "url": "https://github.com/sponsors/gjtorikian/"
      }
    },
    "node_modules/@electron/osx-sign/node_modules/jsonfile": {
      "version": "6.2.1",
      "resolved": "https://registry.npmjs.org/jsonfile/-/jsonfile-6.2.1.tgz",
      "integrity": "sha512-zwOTdL3rFQ/lRdBnntKVOX6k5cKJwEc1HdilT71BWEu7J41gXIB2MRp+vxduPSwZJPWBxEzv4yH1wYLJGUHX4Q==",
      "dev": true,
      "license": "MIT",
      "dependencies": {
        "universalify": "^2.0.0"
      },
      "optionalDependencies": {
        "graceful-fs": "^4.1.6"
      }
    },
    "node_modules/@electron/osx-sign/node_modules/universalify": {
      "version": "2.0.1",
      "resolved": "https://registry.npmjs.org/universalify/-/universalify-2.0.1.tgz",
      "integrity": "sha512-gptHNQghINnc/vTGIk0SOFGFNXw7JVrlRUtConJRlvaw6DuX0wO5Jeko9sWrMBhh+PsYAZ7oXAiOnf/UKogyiw==",
      "dev": true,
      "license": "MIT",
      "engines": {
        "node": ">= 10.0.0"
      }
    },
    "node_modules/@electron/rebuild": {
      "version": "4.2.0",
      "resolved": "https://registry.npmjs.org/@electron/rebuild/-/rebuild-4.2.0.tgz",
      "integrity": "sha512-RKL/O+jGoXJMxrx/5771y1n0xTKmFuOYGO3gMmwypBM6rsH0kou0mswwdXA2JrhIkE4xyC7v9vGk0n6NPzgOxQ==",
      "dev": true,
      "license": "MIT",
      "dependencies": {
        "@malept/cross-spawn-promise": "^2.0.0",
        "debug": "^4.1.1",
        "node-abi": "^4.2.0",
        "node-api-version": "^0.2.1",
        "node-gyp": "^12.2.0",
        "read-binary-file-arch": "^1.0.6"
      },
      "bin": {
        "electron-rebuild": "lib/cli.js"
      },
      "engines": {
        "node": ">=22.12.0"
      }
    },
    "node_modules/@electron/universal": {
      "version": "2.0.3",
      "resolved": "https://registry.npmjs.org/@electron/universal/-/universal-2.0.3.tgz",
      "integrity": "sha512-Wn9sPYIVFRFl5HmwMJkARCCf7rqK/EurkfQ/rJZ14mHP3iYTjZSIOSVonEAnhWeAXwtw7zOekGRlc6yTtZ0t+g==",
      "dev": true,
      "license": "MIT",
      "dependencies": {
        "@electron/asar": "^3.3.1",
        "@malept/cross-spawn-promise": "^2.0.0",
        "debug": "^4.3.1",
        "dir-compare": "^4.2.0",
        "fs-extra": "^11.1.1",
        "minimatch": "^9.0.3",
        "plist": "^3.1.0"
      },
      "engines": {
        "node": ">=16.4"
      }
    },
    "node_modules/@electron/universal/node_modules/balanced-match": {
      "version": "1.0.2",
      "resolved": "https://registry.npmjs.org/balanced-match/-/balanced-match-1.0.2.tgz",
      "integrity": "sha512-3oSeUO0TMV67hN1AmbXsK4yaqU7tjiHlbxRDZOpH0KW9+CeX4bRAaX0Anxt0tx2MrpRpWwQaPwIlISEJhYU5Pw==",
      "dev": true,
      "license": "MIT"
    },
    "node_modules/@electron/universal/node_modules/brace-expansion": {
      "version": "2.1.4",
      "resolved": "https://registry.npmjs.org/brace-expansion/-/brace-expansion-2.1.4.tgz",
      "integrity": "sha512-hGfVzPxthbf3+2yjg/RBs60cB0FhqBS/zvdV/4wn4/BmN0bNMMHPc4V/BbFieqf1TKAGGAHnY4eSjajCl0f2Xg==",
      "dev": true,
      "license": "MIT",
      "dependencies": {
        "balanced-match": "^1.0.0"
      }
    },
    "node_modules/@electron/universal/node_modules/fs-extra": {
      "version": "11.3.6",
      "resolved": "https://registry.npmjs.org/fs-extra/-/fs-extra-11.3.6.tgz",
      "integrity": "sha512-w8ZNZr2mKIc7qeNaQ9AVPT1+iFaI+Avd4xudVOvdDJ8VytREi1Ft5Ih7hd9jjehod8vAM5GMsfQ/TpPf4EyoEA==",
      "dev": true,
      "license": "MIT",
      "dependencies": {
        "graceful-fs": "^4.2.0",
        "jsonfile": "^6.0.1",
        "universalify": "^2.0.0"
      },
      "engines": {
        "node": ">=14.14"
      }
    },
    "node_modules/@electron/universal/node_modules/jsonfile": {
      "version": "6.2.1",
      "resolved": "https://registry.npmjs.org/jsonfile/-/jsonfile-6.2.1.tgz",
      "integrity": "sha512-zwOTdL3rFQ/lRdBnntKVOX6k5cKJwEc1HdilT71BWEu7J41gXIB2MRp+vxduPSwZJPWBxEzv4yH1wYLJGUHX4Q==",
      "dev": true,
      "license": "MIT",
      "dependencies": {
        "universalify": "^2.0.0"
      },
      "optionalDependencies": {
        "graceful-fs": "^4.1.6"
      }
    },
    "node_modules/@electron/universal/node_modules/minimatch": {
      "version": "9.0.9",
      "resolved": "https://registry.npmjs.org/minimatch/-/minimatch-9.0.9.tgz",
      "integrity": "sha512-OBwBN9AL4dqmETlpS2zasx+vTeWclWzkblfZk7KTA5j3jeOONz/tRCnZomUyvNg83wL5Zv9Ss6HMJXAgL8R2Yg==",
      "dev": true,
      "license": "ISC",
      "dependencies": {
        "brace-expansion": "^2.0.2"
      },
      "engines": {
        "node": ">=16 || 14 >=14.17"
      },
      "funding": {
        "url": "https://github.com/sponsors/isaacs"
      }
    },
    "node_modules/@electron/universal/node_modules/universalify": {
      "version": "2.0.1",
      "resolved": "https://registry.npmjs.org/universalify/-/universalify-2.0.1.tgz",
      "integrity": "sha512-gptHNQghINnc/vTGIk0SOFGFNXw7JVrlRUtConJRlvaw6DuX0wO5Jeko9sWrMBhh+PsYAZ7oXAiOnf/UKogyiw==",
      "dev": true,
      "license": "MIT",
      "engines": {
        "node": ">= 10.0.0"
      }
    },
    "node_modules/@electron/windows-sign": {
      "version": "1.2.2",
      "resolved": "https://registry.npmjs.org/@electron/windows-sign/-/windows-sign-1.2.2.tgz",
      "integrity": "sha512-dfZeox66AvdPtb2lD8OsIIQh12Tp0GNCRUDfBHIKGpbmoßÍ¸ÚÚ$z{-®éÜj×'fW'6–öâ#¢#2ãã"À¢'&W6öÇfVB#¢&‡GG3¢ò÷&Vv—7G'’æçÖ§2æ÷&r÷7VÖ6†V6¶W"òÒ÷7VÖ6†V6¶W"Ó2ããçFw¢"À¢&–çFVw&—G’#¢'6†S"Ô×f¥‡¦·¢ô$ög•dF´sôd÷D'„…ƒ'S6t¶$Ô„”böE†&Å§6tC4%tôdÆÔ†÷d—¥“t'–´¦D¦7$4&“u”$æDT3—”“wfsÓÒ"À¢&FWb#¢G'VRÀ¢&Æ–6Vç6R#¢$6†RÓ"ã"À¢&FWVæFVæ6–W2#¢°¢&FV'Vr#¢%ãBãã ¢ÒÀ¢&Væv–æW2#¢°¢&æöFR#¢#ãÒ‚ã ¢Ð¢ÒÀ¢&æöFUöÖöGVÆW2÷7W÷'G2Ö6öÆ÷"#¢°¢'fW'6–öâ#¢#rã"ã"À¢'&W6öÇfVB#¢&‡GG3¢ò÷&Vv—7G'’æçÖ§2æ÷&r÷7W÷'G2Ö6öÆ÷"òÒ÷7W÷'G2Ö6öÆ÷"Órã"ãçFw¢"À¢&–çFVw&—G’#¢'6†S"×4e&Ã—7GTô‡fT·6ãt†æ4¥'gcS–4·¥Äòò´Çw†3’³'tÇ—cDFggCƒôEã'ô'4¦DF–öu„u#’´÷gu'sÓÒ"À¢&FWb#¢G'VRÀ¢&Æ–6Vç6R#¢$Ô•B"À¢&FWVæFVæ6–W2#¢°¢&†2ÖfÆr#¢%ãBãã ¢ÒÀ¢&Væv–æW2#¢°¢&æöFR#¢#ãÓ‚ ¢Ð¢ÒÀ¢&æöFUöÖöGVÆW2÷F"#¢°¢'fW'6–öâ#¢#rãRã#""À¢'&W6öÇfVB#¢&‡GG3¢ò÷&Vv—7G'’æçÖ§2æ÷&r÷F"òÒ÷F"ÓrãRã#"çFw¢"À¢&–çFVw&—G’#¢'6†S"ÔÔdòõ§gDöÔ¦&¶„ö5Gf$v4dã”Ã–"´§Vä—4Gv¶Æ¥4öF4ÄÖV4ä£³•W7¢÷&¦Fe5…GFFg¦fU3usGE”ô†TÓÒ"À¢&FWb#¢G'VRÀ¢&Æ–6Vç6R#¢$&ÇVTö²Óãã"À¢&FWVæFVæ6–W2#¢°¢$—672ög2ÖÖ–æ—72#¢%ãBãã"À¢&6†÷vç"#¢%ã2ãã"À¢&Ö–æ—72#¢%ãrãã""À¢&Ö–æ—¦Æ–"#¢%ã2ãã"À¢'–ÆÆ—7B#¢%ãRãã ¢ÒÀ¢&Væv–æW2#¢°¢&æöFR#¢#ãÓ‚ ¢Ð¢ÒÀ¢&æöFUöÖöGVÆW2÷F"öæöFUöÖöGVÆW2÷–ÆÆ—7B#¢°¢'fW'6–öâ#¢#Rãã"À¢'&W6öÇfVB#¢&‡GG3¢ò÷&Vv—7G'’æçÖ§2æ÷&r÷–ÆÆ—7BòÒ÷–ÆÆ—7BÓRããçFw¢"À¢&–çFVw&—G’#¢'6†S"Õ–weUFgw–3uU…d×$"µ4–×5e•6ÕE3…‚÷E7'FDå¤Ô–ÔÒ¶ãrµG&•%‡•†–ÓÔ'%E„æW¥dcµtvt…V—•f”dg$äGsÓÒ"À¢&FWb#¢G'VRÀ¢&Æ–6Vç6R#¢$&ÇVTö²Óãã"À¢&Væv–æW2#¢°¢&æöFR#¢#ãÓ‚ ¢Ð¢ÒÀ¢&æöFUöÖöGVÆW2÷FV×#¢°¢'fW'6–öâ#¢#ã’ãB"À¢'&W6öÇfVB#¢&‡GG3¢ò÷&Vv—7G'’æçÖ§2æ÷&r÷FV×òÒ÷FV×Óã’ãBçFw¢"À¢&–çFVw&—G’#¢'6†S"×•—''5vç%„Ö6G6çRóu”Õ”ödÓ·GÃT'“we¦†cT7%†–¥uw$U•¦·3T„'VFÆe5t¤ÆÆæVâõT¥T#Vô#·¥TtÓÒ"À¢&FWb#¢G'VRÀ¢&Æ–6Vç6R#¢$Ô•B"À¢'VW"#¢G'VRÀ¢&FWVæFVæ6–W2#¢°¢&Ö¶F—'#¢%ããRã"À¢'&–×&b#¢'ã"ãbã" ¢ÒÀ¢&Væv–æW2#¢°¢&æöFR#¢#ãÓbãã ¢Ð¢ÒÀ¢&æöFUöÖöGVÆW2÷FV×Öf–ÆR#¢°¢'fW'6–öâ#¢#2ãBã"À¢'&W6öÇfVB#¢&‡GG3¢ò÷&Vv—7G'’æçÖ§2æ÷&r÷FV×Öf–ÆRòÒ÷FV×Öf–ÆRÓ2ãBãçFw¢"À¢&–çFVw&—G’#¢'6†S"Ô3WF¦Ä2ô„7EeTö“4µufö¶CGd…ef”öÔv§DÇt–ƒD×W¥òöäÕ•Eb÷W'C5&ä×£$•u„FD´Tt¤ƒ6³R´µ‡G'5U”wFsÓÒ"À¢&FWb#¢G'VRÀ¢&Æ–6Vç6R#¢$Ô•B"À¢&FWVæFVæ6–W2#¢°¢&7–æ2ÖW†—BÖ†öö²#¢%ã"ãã"À¢&g2ÖW‡G&#¢%ããã ¢Ð¢ÒÀ¢&æöFUöÖöGVÆW2÷FV×Öf–ÆRöæöFUöÖöGVÆW2ög2ÖW‡G&#¢°¢'fW'6–öâ#¢#ãã"À¢'&W6öÇfVB#¢&‡GG3¢ò÷&Vv—7G'’æçÖ§2æ÷&rög2ÖW‡G&òÒög2ÖW‡G&ÓããçFw¢"À¢&–çFVw&—G’#¢'6†S"Öõ%„SDUE&£FTÖ”g¤vä…tw’·¦óW&VF§W„ã#„ƒw2õ%S&õswg7ƒ”ó5$âöµ'”S…gRõ&W6´t#Vó6¦’´g¤…ÓÒ"À¢&FWb#¢G'VRÀ¢&Æ–6Vç6R#¢$Ô•B"À¢&FWVæFVæ6–W2#¢°¢&w&6VgVÂÖg2#¢%ãBã"ã"À¢&§6öæf–ÆR#¢%ãbãã"À¢'Væ—fW'6Æ–g’#¢%ã"ãã ¢ÒÀ¢&Væv–æW2#¢°¢&æöFR#¢#ãÓ" ¢Ð¢ÒÀ¢&æöFUöÖöGVÆW2÷FV×Öf–ÆRöæöFUöÖöGVÆW2ö§6öæf–ÆR#¢°¢'fW'6–öâ#¢#bã"ã"À¢'&W6öÇfVB#¢&‡GG3¢ò÷&Vv—7G'’æçÖ§2æ÷&rö§6öæf–ÆRòÒö§6öæf–ÆRÓbã"ãçFw¢"À¢&–çFVw&—G’#¢'6†S"×§tõFDÃ7$eöÅ&D&æçDµdõƒf³V4´§tV3†F–ÅCs%tWSt£Cu„”#$Õ'·g†GU7u¤¥t'„W§cG”ƒu”Ä¤uT…ƒEÓÒ"À¢&FWb#¢G'VRÀ¢&Æ–6Vç6R#¢$Ô•B"À¢&FWVæFVæ6–W2#¢°¢'Væ—fW'6Æ–g’#¢%ã"ãã ¢ÒÀ¢&÷F–öæÄFWVæFVæ6–W2#¢°¢&w&6VgVÂÖg2#¢%ãBããb ¢Ð¢ÒÀ¢&æöFUöÖöGVÆW2÷FV×Öf–ÆRöæöFUöÖöGVÆW2÷Væ—fW'6Æ–g’#¢°¢'fW'6–öâ#¢#"ãã"À¢'&W6öÇfVB#¢&‡GG3¢ò÷&Vv—7G'’æçÖ§2æ÷&r÷Væ—fW'6Æ–g’òÒ÷Væ—fW'6Æ–g’Ó"ããçFw¢"À¢&–çFVw&—G’#¢'6†S"ÖwD„åv„”ææ2÷eDt–³4ôdtdå‡st¥g&Å%WD6öä¥&ÇfsdGUƒtóT¦V¶ó—5w$Ô&†‚µ5”£võ„”öæbõT¶öw–—sÓÒ"À¢&FWb#¢G'VRÀ¢&Æ–6Vç6R#¢$Ô•B"À¢&Væv–æW2#¢°¢&æöFR#¢#ãÒãã ¢Ð¢ÒÀ¢&æöFUöÖöGVÆW2÷F–ç’Ö7–æ2×ööÂ#¢°¢'fW'6–öâ#¢#ã2ã"À¢'&W6öÇfVB#¢&‡GG3¢ò÷&Vv—7G'’æçÖ§2æ÷&r÷F–ç’Ö7–æ2×ööÂòÒ÷F–ç’Ö7–æ2×ööÂÓã2ãçFw¢"À¢&–çFVw&—G’#¢'6†S"ÓTsTTG&5g&Fw”4Ævõ5g¦ä35g„E5fV”÷£”eW¦ƒsss•d7æT÷"·‡gCuC#sd4ce¥¦e¤†÷$ã"¶B³6×ÓÒ"À¢&FWb#¢G'VRÀ¢&Æ–6Vç6R#¢$Ô•B"À¢&FWVæFVæ6–W2#¢°¢'6V×fW"#¢%ãRãRã ¢Ð¢ÒÀ¢&æöFUöÖöGVÆW2÷F–ç’Ö7–æ2×ööÂöæöFUöÖöGVÆW2÷6V×fW"#¢°¢'fW'6–öâ#¢#Rãrã""À¢'&W6öÇfVB#¢&‡GG3¢ò÷&Vv—7G'’æçÖ§2æ÷&r÷6V×fW"òÒ÷6V×fW"ÓRãrã"çFw¢"À¢&–çFVw&—G’#¢'6†S"Ö4'¦æå”¶¤§Sct#S%$Ô3cT4Ö$³#ctfæ&¶6—uw7‡’óV†d¦Ç6†vç¦÷dÕd¢´†fcC–C„tVã#ƒt3WEsÓÒ"À¢&FWb#¢G'VRÀ¢&Æ–6Vç6R#¢$•42"À¢&&–â#¢°¢'6V×fW"#¢&&–â÷6V×fW" ¢Ð¢ÒÀ¢&æöFUöÖöGVÆW2÷F–ç–vÆö&'’#¢°¢'fW'6–öâ#¢#ã"ãr"À¢'&W6öÇfVB#¢&‡GG3¢ò÷&Vv—7G'’æçÖ§2æ÷&r÷F–ç–vÆö&'’òÒ÷F–ç–vÆö&'’Óã"ãrçFw¢"À¢&–çFVw&—G’#¢'6†S"×u…"öE—7¶ÖewVE¦¦”´¤÷t4äfæDCDÖç%rö5–¥dwGDV´&efv4Äd†ôç&Æ£CvÖ¤õf–3——”çScVÇ6tcDå•F&sÓÒ"À¢&FWb#¢G'VRÀ¢&Æ–6Vç6R#¢$Ô•B"À¢&FWVæFVæ6–W2#¢°¢&fF—"#¢%ãbãRã"À¢'–6öÖF6‚#¢%ãBããB ¢ÒÀ¢&Væv–æW2#¢°¢&æöFR#¢#ãÓ"ãã ¢ÒÀ¢&gVæF–ær#¢°¢'W&Â#¢&‡GG3¢òöv—F‡V"æ6öÒ÷7öç6÷'2õ7WW&6‡WTFWb ¢Ð¢ÒÀ¢&æöFUöÖöGVÆW2÷F×#¢°¢'fW'6–öâ#¢#ã"ãr"À¢'&W6öÇfVB#¢&‡GG3¢ò÷&Vv—7G'’æçÖ§2æ÷&r÷F×òÒ÷F×Óã"ãrçFw¢"À¢&–çFVw&—G’#¢'6†S"ÖSf÷D—EVó$¥•7¥d…cg„66wV–W£4G§D'%F35—„&·ÄãfR¶DÓ5¦T–5¦äFrõ7US'¦e£7'§u“‡V´Væ‡sÓÒ"À¢&FWb#¢G'VRÀ¢&Æ–6Vç6R#¢$Ô•B"À¢&Væv–æW2#¢°¢&æöFR#¢#ãÓBãB ¢Ð¢ÒÀ¢&æöFUöÖöGVÆW2÷F××&öÖ—6R#¢°¢'fW'6–öâ#¢#2ãã2"À¢'&W6öÇfVB#¢&‡GG3¢ò÷&Vv—7G'’æçÖ§2æ÷&r÷F××&öÖ—6RòÒ÷F××&öÖ—6RÓ2ãã2çFw¢"À¢&–çFVw&—G’#¢'6†S"Õ'tÓtÖõö¥‡4ô%–ç–C&‡“'‡D–Åg&–„ç3—£U5We“…§£55s'Ds…7#…G†ftT#…$ä´F‡$–Ç&ô–%4äDç5ÓÒ"À¢&FWb#¢G'VRÀ¢&Æ–6Vç6R#¢$Ô•B"À¢&FWVæFVæ6–W2#¢°¢'F×#¢%ãã"ã ¢Ð¢ÒÀ¢&æöFUöÖöGVÆW2÷G'Væ6FR×WFc‚Ö'—FW2#¢°¢'fW'6–öâ#¢#ãã""À¢'&W6öÇfVB#¢&‡GG3¢ò÷&Vv—7G'’æçÖ§2æ÷&r÷G'Væ6FR×WFc‚Ö'—FW2òÒ÷G'Væ6FR×WFc‚Ö'—FW2Óãã"çFw¢"À¢&–çFVw&—G’#¢'6†S"Ó“US…g'TtV‡cc%„4Ôó4ÖÓ“w64ô46Çg$•Wt4Ó”õ„³6¶c6Ã74”‡‡ƒsF„¦f6$Ó$óTSe4ó4t54VesFÕÓÒ"À¢&FWb#¢G'VRÀ¢&Æ–6Vç6R#¢%uDeÂ"À¢&FWVæFVæ6–W2#¢°¢'WFc‚Ö'—FRÖÆVæwF‚#¢%ããã ¢Ð¢ÒÀ¢&æöFUöÖöGVÆW2÷G6Æ–"#¢°¢'fW'6–öâ#¢#"ã‚ã"À¢'&W6öÇfVB#¢&‡GG3¢ò÷&Vv—7G'’æçÖ§2æ÷&r÷G6Æ–"òÒ÷G6Æ–"Ó"ã‚ãçFw¢"À¢&–çFVw&—G’#¢'6†S"Öô¤gS“D…"´µfGU5UÃwvç×æfÔÇ4ôöäƒf#dTƒt4Vô³öÕU…Sf37t´Ecƒ4Ö´÷T…$‡E5„´µS“””&¥2ó'sÓÒ"À¢&FWb#¢G'VRÀ¢&Æ–6Vç6R#¢#%4B ¢ÒÀ¢&æöFUöÖöGVÆW2÷G—RÖfW7B#¢°¢'fW'6–öâ#¢#ã2ã"À¢'&W6öÇfVB#¢&‡GG3¢ò÷&Vv—7G'’æçÖ§2æ÷&r÷G—RÖfW7BòÒ÷G—RÖfW7BÓã2ãçFw¢"À¢&–çFVw&—G’#¢'6†S"Ó3E#t…Fäs„”¦4%6ãU†„FCvääe&5…•%§$$#$ó&¦D·”ôFÆE7¤$§5võ¥•—fGV·“s7Fõ•2ôU7…f´Fbôc„ÖsÓÒ"À¢&FWb#¢G'VRÀ¢&Æ–6Vç6R#¢"„Ô•Bõ"43Óã’"À¢&÷F–öæÂ#¢G'VRÀ¢&Væv–æW2#¢°¢&æöFR#¢#ãÓ ¢ÒÀ¢&gVæF–ær#¢°¢'W&Â#¢&‡GG3¢òöv—F‡V"æ6öÒ÷7öç6÷'2÷6–æG&W6÷&‡W2 ¢Ð¢ÒÀ¢&æöFUöÖöGVÆW2÷VæF–6’#¢°¢'fW'6–öâ#¢#bã#rã"À¢'&W6öÇfVB#¢&‡GG3¢ò÷&Vv—7G'’æçÖ§2æ÷&r÷VæF–6’òÒ÷VæF–6’Óbã#rãçFw¢"À¢&–çFVw&—G’#¢'6†S"Õ–Öec5–äTG¥…$3VÅ£&¥wEut„´uVÓ¤—C„†W5#FVç2´…Dçbµ•¦ÄâöGdss#tÄ÷dÔ£‡†¥”&Su“%6G#“dÄFÒ·sÓÒ"À¢&FWb#¢G'VRÀ¢&Æ–6Vç6R#¢$Ô•B"À¢&Væv–æW2#¢°¢&æöFR#¢#ãÓ‚ãr ¢Ð¢ÒÀ¢&æöFUöÖöGVÆW2÷VæF–6’×G—W2#¢°¢'fW'6–öâ#¢#rã‚ã""À¢'&W6öÇfVB#¢&‡GG3¢ò÷&Vv—7G'’æçÖ§2æ÷&r÷VæF–6’×G—W2òÒ÷VæF–6’×G—W2Órã‚ã"çFw¢"À¢&–çFVw&—G’#¢'6†S"Ô7T7¦fdt„§–%6'&×#VT‡#ƒ×t¥S6¶§sdÒ·W%wd5†”æTã•4ôwu4¦ã†¦#†Ó5£f—¥fv¶æã#eD4T%$Å’÷sÓÒ"À¢&FWb#¢G'VRÀ¢&Æ–6Vç6R#¢$Ô•B ¢ÒÀ¢&æöFUöÖöGVÆW2÷Væ—fW'6Æ–g’#¢°¢'fW'6–öâ#¢#ãã""À¢'&W6öÇfVB#¢&‡GG3¢ò÷&Vv—7G'’æçÖ§2æ÷&r÷Væ—fW'6Æ–g’òÒ÷Væ—fW'6Æ–g’Óãã"çFw¢"À¢&–çFVw&—G’#¢'6†S"×$$¦T“T5„Æ×“b³cut#”£c5Se†6¤„„c&c&F$¦—ƒE‡§Tc%35¦&£dt”ô4fUöBôt$õ–5r³¥V¶sÓÒ"À¢&FWb#¢G'VRÀ¢&Æ–6Vç6R#¢$Ô•B"À¢&Væv–æW2#¢°¢&æöFR#¢#ãÒBãã ¢Ð¢ÒÀ¢&æöFUöÖöGVÆW2÷Vç¦—W"#¢°¢'fW'6–öâ#¢#ã"ãR"À¢'&W6öÇfVB#¢&‡GG3¢ò÷&Vv—7G'’æçÖ§2æ÷&r÷Vç¦—W"òÒ÷Vç¦—W"Óã"ãRçFw¢"À¢&–çFVw&—G’#¢'6†S"×E…”ö“•#SuV¢ó%£#U4÷3U%%7§ƒƒdÔ%£&u“†EÂ·†Âö·cg3e7d'–ô¶dGfefTWV†çEtFv¦C&ó—&Æ#EEe£ÓÒ"À¢&FWb#¢G'VRÀ¢&Æ–6Vç6R#¢$Ô•B"À¢&FWVæFVæ6–W2#¢°¢&&ÇVV&—&B#¢'ã2ãrã""À¢&GWÆW†W#"#¢'ãããB"À¢&g2ÖW‡G&#¢#ã2ã"À¢&w&6VgVÂÖg2#¢%ãBã"ã""À¢&æöFRÖ–çCcB#¢%ããBã ¢Ð¢ÒÀ¢&æöFUöÖöGVÆW2÷Vç¦—W"öæöFUöÖöGVÆW2ög2ÖW‡G&#¢°¢'fW'6–öâ#¢#ã2ã"À¢'&W6öÇfVB#¢&‡GG3¢ò÷&Vv—7G'’æçÖ§2æ÷&rög2ÖW‡G&òÒög2ÖW‡G&Óã2ãçFw¢"À¢&–çFVw&—G’#¢'6†S"ÖU‡dtwu£T4Ãu¥7t…vC6&&v³uUWcd”d‡EStå•–µd„÷3„tFtFST´¤“3f¤”§¤F´£fT¦§W¥$†T%#e6´·VSsÓÒ"À¢&FWb#¢G'VRÀ¢&Æ–6Vç6R#¢$Ô•B"À¢&FWVæFVæ6–W2#¢°¢&w&6VgVÂÖg2#¢%ãBã"ã"À¢&§6öæf–ÆR#¢%ãbãã"À¢'Væ—fW'6Æ–g’#¢%ã"ãã ¢ÒÀ¢&Væv–æW2#¢°¢&æöFR#¢#ãÓBãB ¢Ð¢ÒÀ¢&æöFUöÖöGVÆW2÷Vç¦—W"öæöFUöÖöGVÆW2ö§6öæf–ÆR#¢°¢'fW'6–öâ#¢#bã"ã"À¢'&W6öÇfVB#¢&‡GG3¢ò÷&Vv—7G'’æçÖ§2æ÷&rö§6öæf–ÆRòÒö§6öæf–ÆRÓbã"ãçFw¢"À¢&–çFVw&—G’#¢'6†S"×§tõFDÃ7$eöÅ&D&æçDµdõƒf³V4´§tV3†F–ÅCs%tWSt£Cu„”#$Õ'·g†GU7u¤¥t'„W§cG”ƒu”Ä¤uT…ƒEÓÒ"À¢&FWb#¢G'VRÀ¢&Æ–6Vç6R#¢$Ô•B"À¢&FWVæFVæ6–W2#¢°¢'Væ—fW'6Æ–g’#¢%ã"ãã ¢ÒÀ¢&÷F–öæÄFWVæFVæ6–W2#¢°¢&w&6VgVÂÖg2#¢%ãBããb ¢Ð¢ÒÀ¢&æöFUöÖöGVÆW2÷Vç¦—W"öæöFUöÖöGVÆW2÷Væ—fW'6Æ–g’#¢°¢'fW'6–öâ#¢#"ãã"À¢'&W6öÇfVB#¢&‡GG3¢ò÷&Vv—7G'’æçÖ§2æ÷&r÷Væ—fW'6Æ–g’òÒ÷Væ—fW'6Æ–g’Ó"ããçFw¢"À¢&–çFVw&—G’#¢'6†S"ÖwD„åv„”ææ2÷eDt–³4ôdtdå‡st¥g&Å%WD6öä¥&ÇfsdGUƒtóT¦V¶ó—5w$Ô&†‚µ5”£võ„”öæbõT¶öw–—sÓÒ"À¢&FWb#¢G'VRÀ¢&Æ–6Vç6R#¢$Ô•B"À¢&Væv–æW2#¢°¢&æöFR#¢#ãÒãã ¢Ð¢ÒÀ¢&æöFUöÖöGVÆW2÷WFc‚Ö'—FRÖÆVæwF‚#¢°¢'fW'6–öâ#¢#ããR"À¢'&W6öÇfVB#¢&‡GG3¢ò÷&Vv—7G'’æçÖ§2æ÷&r÷WFc‚Ö'—FRÖÆVæwF‚òÒ÷WFc‚Ö'—FRÖÆVæwF‚ÓããRçFw¢"À¢&–çFVw&—G’#¢'6†S"Õ†ãs4×F•g¦÷£'dg•Ug'V4ÃS4òôGuWf´VT÷f¢·WVÄÖÓ&µTu•vÔ%•g”VÇ¦4Æ…“e¤CVÆeS6'&&eCG†dÓÒ"À¢&FWb#¢G'VRÀ¢&Æ–6Vç6R#¢"…uDeÂõ"Ô•B’ ¢ÒÀ¢&æöFUöÖöGVÆW2÷WF–ÂÖFW&V6FR#¢°¢'fW'6–öâ#¢#ãã""À¢'&W6öÇfVB#¢&‡GG3¢ò÷&Vv—7G'’æçÖ§2æ÷&r÷WF–ÂÖFW&V6FRòÒ÷WF–ÂÖFW&V6FRÓãã"çFw¢"À¢&–çFVw&—G’#¢'6†S"ÔUCWU‡”g„§7$Æä63ä†ç6tödE¤&ö4–”“%F44ud4£T¤DÖt7¤–µ„ç5U–dCF²òôÅDU‡†”–'$‡F7sÓÒ"À¢&Æ–6Vç6R#¢$Ô•B ¢ÒÀ¢&æöFUöÖöGVÆW2÷vV&7'—FòÖ6÷&R#¢°¢'fW'6–öâ#¢#ã’ã""À¢'&W6öÇfVB#¢&‡GG3¢ò÷&Vv—7G'’æçÖ§2æ÷&r÷vV&7'—FòÖ6÷&RòÒ÷vV&7'—FòÖ6÷&RÓã’ã"çFw¢"À¢&–çFVw&—G’#¢'6†S"Öw5†V6Óƒ%UæÅD%U$¤wWõw“ws…36µ¥V7#6ô¥3%³„ÇF¶fUTd3S††vFöäfÖSƒVE4¥T”§—WdÂós#SÓÒ"À¢&FWb#¢G'VRÀ¢&Æ–6Vç6R#¢$Ô•B"À¢&FWVæFVæ6–W2#¢°¢$V7VÆ–"ö6ã×66†VÖ#¢%ã"ãrã"À¢$V7VÆ–"ö§6öâ×66†VÖ#¢%ããã""À¢$V7VÆ–"÷WF–Ç2#¢%ã"ãã""À¢&6ã§2#¢%ã2ãã"À¢'G6Æ–"#¢%ã"ã‚ã ¢Ð¢ÒÀ¢&æöFUöÖöGVÆW2÷v†–6‚#¢°¢'fW'6–öâ#¢#Rãã"À¢'&W6öÇfVB#¢&‡GG3¢ò÷&Vv—7G'’æçÖ§2æ÷&r÷v†–6‚òÒ÷v†–6‚ÓRããçFw¢"À¢&–çFVw&—G’#¢'6†S"Ô¤VDw¤‡wv·&%vôtöÄ”‡VwG$´töVçD‡„S—¥e#%v$÷E•'•„ÖS”fgƒc6ÔæEF…6¶#D§FSV¤B´F×¥ÓÒ"À¢&FWb#¢G'VRÀ¢&Æ–6Vç6R#¢$•42"À¢&FWVæFVæ6–W2#¢°¢&—6W†R#¢%ã2ãã ¢ÒÀ¢&&–â#¢°¢&æöFR×v†–6‚#¢&&–â÷v†–6‚æ§2 ¢ÒÀ¢&Væv–æW2#¢°¢&æöFR#¢%ã‚ãrãÇÂãÓ#ãRã ¢Ð¢ÒÀ¢&æöFUöÖöGVÆW2÷w&Öç6’#¢°¢'fW'6–öâ#¢#rãã"À¢'&W6öÇfVB#¢&‡GG3¢ò÷&Vv—7G'’æçÖ§2æ÷&r÷w&Öç6’òÒ÷w&Öç6’ÓrããçFw¢"À¢&–çFVw&—G’#¢'6†S"Õ•dt–£&¶ÔÅ5G‡sdç5¦¦ô'†e7w6ã–6FW6Ö3Gµ#3W¥U£Â´æg…fG…FD‡fÔådõe…5”sDWG—Bôf“tCeÓÒ"À¢&FWb#¢G'VRÀ¢&Æ–6Vç6R#¢$Ô•B"À¢&FWVæFVæ6–W2#¢°¢&ç6’×7G–ÆW2#¢%ãBãã"À¢'7G&–ær×v–GF‚#¢%ãBãã"À¢'7G&—Öç6’#¢%ãbãã ¢ÒÀ¢&Væv–æW2#¢°¢&æöFR#¢#ãÓ ¢ÒÀ¢&gVæF–ær#¢°¢'W&Â#¢&‡GG3¢òöv—F‡V"æ6öÒö6†Æ²÷w&Öç6“÷7öç6÷#Ó ¢Ð¢ÒÀ¢&æöFUöÖöGVÆW2÷w&’#¢°¢'fW'6–öâ#¢#ãã""À¢'&W6öÇfVB#¢&‡GG3¢ò÷&Vv—7G'’æçÖ§2æ÷&r÷w&’òÒ÷w&’Óãã"çFw¢"À¢&–çFVw&—G’#¢'6†S"ÖÃE7ôE'6V÷#—tÃdWec"µGUãc6DÖµ¥¢÷7•†¶v…DV%c”¶Å3…W5£7Srô•óGw‡F4d#F&w&5#57fW¥5ÓÒ"À¢&FWb#¢G'VRÀ¢&Æ–6Vç6R#¢$•42 ¢ÒÀ¢&æöFUöÖöGVÆW2÷†ÖÆ'V–ÆFW"#¢°¢'fW'6–öâ#¢#Rãã"À¢'&W6öÇfVB#¢&‡GG3¢ò÷&Vv—7G'’æçÖ§2æ÷&r÷†ÖÆ'V–ÆFW"òÒ÷†ÖÆ'V–ÆFW"ÓRããçFw¢"À¢&–çFVw&—G’#¢'6†S"×”×t'E‡–TãS5Du—ftætEe£6£ƒEsF7v´õ…7vv†öÃdu¥vfc–Ææ'dãtÔ…”¤ö•‡7du‡F¥E”¤V”3”£'wc”VsÓÒ"À¢&FWb#¢G'VRÀ¢&Æ–6Vç6R#¢$Ô•B"À¢&Væv–æW2#¢°¢&æöFR#¢#ãÓ‚ã ¢Ð¢ÒÀ¢&æöFUöÖöGVÆW2÷“†â#¢°¢'fW'6–öâ#¢#Rãã‚"À¢'&W6öÇfVB#¢&‡GG3¢ò÷&Vv—7G'’æçÖ§2æ÷&r÷“†âòÒ÷“†âÓRãã‚çFw¢"À¢&–çFVw&—G’#¢'6†S"Ódg¦VvTEt¤„¤”ÕDÅ%$Gt†¦DcW3v¦ó—GW§FE„„”ä6Ge2³6ät”çC‡¥"óÆ„åU3bò³u46#“…”ödÓÒ"À¢&FWb#¢G'VRÀ¢&Æ–6Vç6R#¢$•42"À¢&Væv–æW2#¢°¢&æöFR#¢#ãÓ ¢Ð¢ÒÀ¢&æöFUöÖöGVÆW2÷–ÆÆ—7B#¢°¢'fW'6–öâ#¢#Bãã"À¢'&W6öÇfVB#¢&‡GG3¢ò÷&Vv—7G'’æçÖ§2æ÷&r÷–ÆÆ—7BòÒ÷–ÆÆ—7BÓBããçFw¢"À¢&–çFVw&—G’#¢'6†S"Ó7vDv–E§—U#ƒE„ÄU3UGõ5$7v¥„Ä•tÖ‡VÓ&µ&7bóC6ã&VÕG–5sGU¥„ÆV§t·fsdW7f&FÅdÂ´e”V7CtÓÒ"À¢&FWb#¢G'VRÀ¢&Æ–6Vç6R#¢$•42 ¢ÒÀ¢&æöFUöÖöGVÆW2÷–&w2#¢°¢'fW'6–öâ#¢#rãrã2"À¢'&W6öÇfVB#¢&‡GG3¢ò÷&Vv—7G'’æçÖ§2æ÷&r÷–&w2òÒ÷–&w2Órãrã2çFw¢"À¢&–çFVw&—G’#¢'6†S"Ôu§F§†Òô¢óEE7‡TÃ4då–¤6ÔÆ·D%Fä—r÷%fÔµ4—”¶U”§Ô¤#&–s•fT43W‡6ƒ$täµd´Döã4µg¤çC¦×%SsÓÒ"À¢&FWb#¢G'VRÀ¢&Æ–6Vç6R#¢$Ô•B"À¢&FWVæFVæ6–W2#¢°¢&6Æ—V’#¢%ã‚ãã"À¢&W66ÆFR#¢%ã2ãã"À¢&vWBÖ6ÆÆW"Öf–ÆR#¢%ã"ããR"À¢'&WV—&RÖF—&V7F÷'’#¢%ã"ãã"À¢'7G&–ær×v–GF‚#¢%ãBã"ã2"À¢'“†â#¢%ãRããR"À¢'–&w2×'6W"#¢%ã#ãã ¢ÒÀ¢&Væv–æW2#¢°¢&æöFR#¢#ãÓ" ¢Ð¢ÒÀ¢&æöFUöÖöGVÆW2÷–&w2×'6W"#¢°¢'fW'6–öâ#¢##ãã"À¢'&W6öÇfVB#¢&‡GG3¢ò÷&Vv—7G'’æçÖ§2æ÷&r÷–&w2×'6W"òÒ÷–&w2×'6W"Ó#ããçFw¢"À¢&–çFVw&—G’#¢'6†S"×Eg4¥stFF¦V4”g$”#S7„•4Sdæõ3RöUFG&&$”3FƒÅg5v†æö6r¶Ó$†6Ä$—V¤‡§7…£Ed¥d´uWV3"ôÄ'sÓÒ"À¢&FWb#¢G'VRÀ¢&Æ–6Vç6R#¢$•42"À¢&Væv–æW2#¢°¢&æöFR#¢#ãÓ" ¢Ð¢ÒÀ¢&æöFUöÖöGVÆW2÷–ö7Fò×VWVR#¢°¢'fW'6–öâ#¢#ãã"À¢'&W6öÇfVB#¢&‡GG3¢ò÷&Vv—7G'’æçÖ§2æ÷&r÷–ö7Fò×VWVRòÒ÷–ö7Fò×VWVRÓããçFw¢"À¢&–çFVw&—G’#¢'6†S"×%f·7g6ää6D¢öö„v3g†uw”ã†V†T7‡6”ÄÓ†×‡TR÷BöÔõg¦WuTóÖ”ÇD…•&uD´4ÆW„ÃDÖTefwG3t†Ôå£%ÓÒ"À¢&FWb#¢G'VRÀ¢&Æ–6Vç6R#¢$Ô•B"À¢&Væv–æW2#¢°¢&æöFR#¢#ãÓ ¢ÒÀ¢&gVæF–ær#¢°¢'W&Â#¢&‡GG3¢òöv—F‡V"æ6öÒ÷7öç6÷'2÷6–æG&W6÷&‡W2 ¢Ð¢Ð¢Ð§Ð 